
Microsoft Visual Studio Solution File, Format Version 12.00
# Visual Studio Version 17
VisualStudioVersion = 17.14.36717.8 d17.14
MinimumVisualStudioVersion = 10.0.40219.1
Project("{FAE04EC0-301F-11D3-BF4B-00C04F79EFBC}") = "JournalProject", "JournalProject.csproj", "{3106FFAC-430D-4F99-A63C-AAF21F93A619}"
EndProject
Global
	GlobalSection(SolutionConfigurationPlatforms) = preSolution
		Debug|Any CPU = Debug|Any CPU
		Release|Any CPU = Release|Any CPU
	EndGlobalSection
	GlobalSection(ProjectConfigurationPlatforms) = postSolution
		{3106FFAC-430D-4F99-A63C-AAF21F93A619}.Debug|Any CPU.ActiveCfg = Debug|Any CPU
		{3106FFAC-430D-4F99-A63C-AAF21F93A619}.Debug|Any CPU.Build.0 = Debug|Any CPU
		{3106FFAC-430D-4F99-A63C-AAF21F93A619}.Release|Any CPU.ActiveCfg = Release|Any CPU
		{3106FFAC-430D-4F99-A63C-AAF21F93A619}.Release|Any CPU.Build.0 = Release|Any CPU
	EndGlobalSection
	GlobalSection(SolutionProperties) = preSolution
		HideSolutionNode = FALSE
	EndGlobalSection
	GlobalSection(ExtensibilityGlobals) = postSolution
		SolutionGuid = {5EA3BBC4-700B-4D0D-83A5-7171393024AE}
	EndGlobalSection
EndGlobal
